{
  "name": "@definejs/url",
  "version": "0.1.0",
  "lockfileVersion": 1,
  "requires": true,
  "dependencies": {
    "@definejs/string": {
      "version": "0.1.1",
      "resolved": "https://registry.npmjs.org/@definejs/string/-/string-0.1.1.tgz",
      "integrity": "sha512-PXDOGU3Crg7SWte4V0Z2oR6ZB/Kmf4dVFBN4MR93NvSWnaNxtDGoxdDgcmcoByVxqtfiO8wxNUurYaotyRf56g=="
    }
  }
}
